
Microsoft Visual Studio Solution File, Format Version 12.00
# Visual Studio Version 17
VisualStudioVersion = 17.0.32126.317
MinimumVisualStudioVersion = 10.0.40219.1
Project("{FAE04EC0-301F-11D3-BF4B-00C04F79EFBC}") = "check_lstbox", "check_lstbox.csproj", "{B1D68FA4-87F4-4E9C-92F0-611BFCE715AF}"
EndProject
Global
	GlobalSection(SolutionConfigurationPlatforms) = preSolution
		Debug|Any CPU = Debug|Any CPU
		Release|Any CPU = Release|Any CPU
	EndGlobalSection
	GlobalSection(ProjectConfigurationPlatforms) = postSolution
		{B1D68FA4-87F4-4E9C-92F0-611BFCE715AF}.Debug|Any CPU.ActiveCfg = Debug|Any CPU
		{B1D68FA4-87F4-4E9C-92F0-611BFCE715AF}.Debug|Any CPU.Build.0 = Debug|Any CPU
		{B1D68FA4-87F4-4E9C-92F0-611BFCE715AF}.Release|Any CPU.ActiveCfg = Release|Any CPU
		{B1D68FA4-87F4-4E9C-92F0-611BFCE715AF}.Release|Any CPU.Build.0 = Release|Any CPU
	EndGlobalSection
	GlobalSection(SolutionProperties) = preSolution
		HideSolutionNode = FALSE
	EndGlobalSection
	GlobalSection(ExtensibilityGlobals) = postSolution
		SolutionGuid = {04046644-F845-46D7-8332-5A7982B226DE}
	EndGlobalSection
EndGlobal
